{
  "lockfileVersion": 1,
  "workspaces": {
    "": {
      "name": "fastify_ts",
      "dependencies": {
        "fastify": "^5.4.0",
      },
      "devDependencies": {
        "@swc/cli": "^0.7.7",
        "@swc/core": "^1.12.9",
        "@types/bun": "latest",
      },
      "peerDependencies": {
        "typescript": "^5",
      },
    },
  },
  "packages": {
    "@fastify/ajv-compiler": ["@fastify/ajv-compiler@4.0.2", "", { "dependencies": { "ajv": "^8.12.0", "ajv-formats": "^3.0.1", "fast-uri": "^3.0.0" } }, "sha512-Rkiu/8wIjpsf46Rr+Fitd3HRP+VsxUFDDeag0hs9L0ksfnwx2g7SPQQTFL0E8Qv+rfXzQOxBJnjUB9ITUDjfWQ=="],

    "@fastify/error": ["@fastify/error@4.2.0", "", {}, "sha512-RSo3sVDXfHskiBZKBPRgnQTtIqpi/7zhJOEmAxCiBcM7d0uwdGdxLlsCaLzGs8v8NnxIRlfG0N51p5yFaOentQ=="],

    "@fastify/fast-json-stringify-compiler": ["@fastify/fast-json-stringify-compiler@5.0.3", "", { "dependencies": { "fast-json-stringify": "^6.0.0" } }, "sha512-uik7yYHkLr6fxd8hJSZ8c+xF4WafPK+XzneQDPU+D10r5X19GW8lJcom2YijX2+qtFF1ENJlHXKFM9ouXNJYgQ=="],

    "@fastify/forwarded": ["@fastify/forwarded@3.0.0", "", {}, "sha512-kJExsp4JCms7ipzg7SJ3y8DwmePaELHxKYtg+tZow+k0znUTf3cb+npgyqm8+ATZOdmfgfydIebPDWM172wfyA=="],

    "@fastify/merge-json-schemas": ["@fastify/merge-json-schemas@0.2.1", "", { "dependencies": { "dequal": "^2.0.3" } }, "sha512-OA3KGBCy6KtIvLf8DINC5880o5iBlDX4SxzLQS8HorJAbqluzLRn80UXU0bxZn7UOFhFgpRJDasfwn9nG4FG4A=="],

    "@fastify/proxy-addr": ["@fastify/proxy-addr@5.0.0", "", { "dependencies": { "@fastify/forwarded": "^3.0.0", "ipaddr.js": "^2.1.0" } }, "sha512-37qVVA1qZ5sgH7KpHkkC4z9SK6StIsIcOmpjvMPXNb3vx2GQxhZocogVYbr2PbbeLCQxYIPDok307xEvRZOzGA=="],

    "@napi-rs/nice": ["@napi-rs/nice@1.0.2", "", { "optionalDependencies": { "@napi-rs/nice-android-arm-eabi": "1.0.2", "@napi-rs/nice-android-arm64": "1.0.2", "@napi-rs/nice-darwin-arm64": "1.0.2", "@napi-rs/nice-darwin-x64": "1.0.2", "@napi-rs/nice-freebsd-x64": "1.0.2", "@napi-rs/nice-linux-arm-gnueabihf": "1.0.2", "@napi-rs/nice-linux-arm64-gnu": "1.0.2", "@napi-rs/nice-linux-arm64-musl": "1.0.2", "@napi-rs/nice-linux-ppc64-gnu": "1.0.2", "@napi-rs/nice-linux-riscv64-gnu": "1.0.2", "@napi-rs/nice-linux-s390x-gnu": "1.0.2", "@napi-rs/nice-linux-x64-gnu": "1.0.2", "@napi-rs/nice-linux-x64-musl": "1.0.2", "@napi-rs/nice-win32-arm64-msvc": "1.0.2", "@napi-rs/nice-win32-ia32-msvc": "1.0.2", "@napi-rs/nice-win32-x64-msvc": "1.0.2" } }, "sha512-nHdi+EhXBX2U/SlKU+Qgo+FErBCxCE1B7wQ+pH5XjvWaxFn4RfB/9jjLhu9VW3EvUwqE3RnDy6hcFeK7Q2meJw=="],

    "@napi-rs/nice-android-arm-eabi": ["@napi-rs/nice-android-arm-eabi@1.0.2", "", { "os": "android", "cpu": "arm" }, "sha512-15rqDjmQV5q62ynD+HqSA5puWdN6xBqsXLyKiUwuSlSlxn791/cafJ9Z2SWFgsfIt19lx282Yp8xLrM5vM4K1g=="],

    "@napi-rs/nice-android-arm64": ["@napi-rs/nice-android-arm64@1.0.2", "", { "os": "android", "cpu": "arm64" }, "sha512-XoLQ/LVwotssSH59qYbFkWKcDCoE+Kg/qVr2Iuudmgzp7/EplwqFtUU62kSyWOMGf6IaS8YJii6OyMdPCtmnjQ=="],

    "@napi-rs/nice-darwin-arm64": ["@napi-rs/nice-darwin-arm64@1.0.2", "", { "os": "darwin", "cpu": "arm64" }, "sha512-/MlDzQZokboq5P1r+ixDLDGylUgPcGEZ3gWLVWP+pwHiB8Yp4nmJB8QTHRtVZo9U8AiJVc/F8rusoJEnNTBWBQ=="],

    "@napi-rs/nice-darwin-x64": ["@napi-rs/nice-darwin-x64@1.0.2", "", { "os": "darwin", "cpu": "x64" }, "sha512-3xJRmU34oMY7tMKpkloAEyBAX7PbnMMwNsuYUWuPnEyrxWtU9M0IfXZSnKaf5hUfz6CX4d6mlZEkdYVCSxEyZw=="],

    "@napi-rs/nice-freebsd-x64": ["@napi-rs/nice-freebsd-x64@1.0.2", "", { "os": "freebsd", "cpu": "x64" }, "sha512-xImTavIYNV47a5dm4SJXDVPtDZvNtKHFAQpiRrOgMENh1vBzg/zU5vI+4M/onrzge7HeczlGtL7q/yI9xMd7zg=="],

    "@napi-rs/nice-linux-arm-gnueabihf": ["@napi-rs/nice-linux-arm-gnueabihf@1.0.2", "", { "os": "linux", "cpu": "arm" }, "sha512-TpCgEmKkRodB1Vfk0pkIaDdaNIukbKyV3VQ/Goyc/T1s4pMpbBhqNWlfAqol+vODAbtLzq4IProOpnF/mwN5VQ=="],

    "@napi-rs/nice-linux-arm64-gnu": ["@napi-rs/nice-linux-arm64-gnu@1.0.2", "", { "os": "linux", "cpu": "arm64" }, "sha512-EbZqnLaUdkeOO1c9P0ZmbmEjqgG92YhEunKiKXf/EBSmRNqtv7cEdrkD94Nc7O94QDcD/KHJqDGWnXlKgEV/UQ=="],

    "@napi-rs/nice-linux-arm64-musl": ["@napi-rs/nice-linux-arm64-musl@1.0.2", "", { "os": "linux", "cpu": "arm64" }, "sha512-aBRUwLmtLN9P+gWY88fCp1eodATsOmJzD/IRfIbRV5LnRrXNfUoD/qSY2tWx+hoy5XmntHIdQX58aeJlILUvZw=="],

    "@napi-rs/nice-linux-ppc64-gnu": ["@napi-rs/nice-linux-ppc64-gnu@1.0.2", "", { "os": "linux", "cpu": "ppc64" }, "sha512-Nk56GghKJEeNsW6XfwSYARQdDEjmEmDDDLgDubBjt+20ud7N2z1VdFnIu+dI6dAdGpeRiWSqTzPOETB34lhe4g=="],

    "@napi-rs/nice-linux-riscv64-gnu": ["@napi-rs/nice-linux-riscv64-gnu@1.0.2", "", { "os": "linux", "cpu": "none" }, "sha512-aHFfEcc/antKcTzyHtvr/HQxjam3VJQ0pwx+8rm+KvlvBxUa4t6xsXjy1hScURz34jnpp7t215Lgs3uG7DCKdQ=="],

    "@napi-rs/nice-linux-s390x-gnu": ["@napi-rs/nice-linux-s390x-gnu@1.0.2", "", { "os": "linux", "cpu": "s390x" }, "sha512-pm9e+7qZVPFe/ezjsYNfNDhWkgNcx1gciqr3PrOZIc0PpCD53YAniz5SYAX+3AYUDfpTsiYG9cxlw9nH7CJTCA=="],

    "@napi-rs/nice-linux-x64-gnu": ["@napi-rs/nice-linux-x64-gnu@1.0.2", "", { "os": "linux", "cpu": "x64" }, "sha512-RaKzkjOhH+1MKv2CdsdK5SEOQIH86bPPbEbZ4rHPCwpk+KiMnjIJ+gH/X1JzAImVrkdUgB7XjYogEwcqL4TksA=="],

    "@napi-rs/nice-linux-x64-musl": ["@napi-rs/nice-linux-x64-musl@1.0.2", "", { "os": "linux", "cpu": "x64" }, "sha512-zxYjTfTfWP9esEvGt4fdurJqtogDgPQGADFTSEGa0ZVYwKfc0mH4uVLUcBowm/o5TQS4n0pfAYDP9rDgVEV4Aw=="],

    "@napi-rs/nice-win32-arm64-msvc": ["@napi-rs/nice-win32-arm64-msvc@1.0.2", "", { "os": "win32", "cpu": "arm64" }, "sha512-TkeLbSV1Byfn66XRM2BGcDufZq2RzR7S6n8fJjHSopyYZJ2h8ZNheR6Q7t0nV8dzNsngUCUxDjCkHdP20Gp5tQ=="],

    "@napi-rs/nice-win32-ia32-msvc": ["@napi-rs/nice-win32-ia32-msvc@1.0.2", "", { "os": "win32", "cpu": "ia32" }, "sha512-BYCSzGRVEmeNyzQmYdAwTvlHaA/SRwfXlMWUmDwqU1ICctcuj7zo5rGxBkRYuupgl5y73wMN6qLK1Fflodlwgg=="],

    "@napi-rs/nice-win32-x64-msvc": ["@napi-rs/nice-win32-x64-msvc@1.0.2", "", { "os": "win32", "cpu": "x64" }, "sha512-w1Tz6BMpoe3+ogDwF6jjBQHhCUQeLY3Ki2oMwNXD6vFVSuGDQ+g3fZCiQZUgJHGgEDBF5g+J+6PYnm0t91OmYA=="],

    "@nodelib/fs.scandir": ["@nodelib/fs.scandir@2.1.5", "", { "dependencies": { "@nodelib/fs.stat": "2.0.5", "run-parallel": "^1.1.9" } }, "sha512-vq24Bq3ym5HEQm2NKCr3yXDwjc7vTsEThRDnkp2DK9p1uqLR+DHurm/NOTo0KG7HYHU7eppKZj3MyqYuMBf62g=="],

    "@nodelib/fs.stat": ["@nodelib/fs.stat@2.0.5", "", {}, "sha512-RkhPPp2zrqDAQA/2jNhnztcPAlv64XdhIp7a7454A5ovI7Bukxgt7MX7udwAu3zg1DcpPU0rz3VV1SeaqvY4+A=="],

    "@nodelib/fs.walk": ["@nodelib/fs.walk@1.2.8", "", { "dependencies": { "@nodelib/fs.scandir": "2.1.5", "fastq": "^1.6.0" } }, "sha512-oGB+UxlgWcgQkgwo8GcEGwemoTFt3FIO9ababBmaGwXIoBKZ+GTy0pP185beGg7Llih/NSHSV2XAs1lnznocSg=="],

    "@sec-ant/readable-stream": ["@sec-ant/readable-stream@0.4.1", "", {}, "sha512-831qok9r2t8AlxLko40y2ebgSDhenenCatLVeW/uBtnHPyhHOvG0C7TvfgecV+wHzIm5KUICgzmVpWS+IMEAeg=="],

    "@sindresorhus/is": ["@sindresorhus/is@5.6.0", "", {}, "sha512-TV7t8GKYaJWsn00tFDqBw8+Uqmr8A0fRU1tvTQhyZzGv0sJCGRQL3JGMI3ucuKo3XIZdUP+Lx7/gh2t3lewy7g=="],

    "@swc/cli": ["@swc/cli@0.7.7", "", { "dependencies": { "@swc/counter": "^0.1.3", "@xhmikosr/bin-wrapper": "^13.0.5", "commander": "^8.3.0", "fast-glob": "^3.2.5", "minimatch": "^9.0.3", "piscina": "^4.3.1", "semver": "^7.3.8", "slash": "3.0.0", "source-map": "^0.7.3" }, "peerDependencies": { "@swc/core": "^1.2.66", "chokidar": "^4.0.1" }, "optionalPeers": ["chokidar"], "bin": { "swc": "bin/swc.js", "swcx": "bin/swcx.js", "spack": "bin/spack.js" } }, "sha512-j4yYm9bx3pxWofaJKX1BFwj/3ngUDynN4UIQ2Xd2h0h/7Gt7zkReBTpDN7g5S13mgAYxacaTHTOUsz18097E8w=="],

    "@swc/core": ["@swc/core@1.12.9", "", { "dependencies": { "@swc/counter": "^0.1.3", "@swc/types": "^0.1.23" }, "optionalDependencies": { "@swc/core-darwin-arm64": "1.12.9", "@swc/core-darwin-x64": "1.12.9", "@swc/core-linux-arm-gnueabihf": "1.12.9", "@swc/core-linux-arm64-gnu": "1.12.9", "@swc/core-linux-arm64-musl": "1.12.9", "@swc/core-linux-x64-gnu": "1.12.9", "@swc/core-linux-x64-musl": "1.12.9", "@swc/core-win32-arm64-msvc": "1.12.9", "@swc/core-win32-ia32-msvc": "1.12.9", "@swc/core-win32-x64-msvc": "1.12.9" }, "peerDependencies": { "@swc/helpers": ">=0.5.17" }, "optionalPeers": ["@swc/helpers"] }, "sha512-O+LfT2JlVMsIMWG9x+rdxg8GzpzeGtCZQfXV7cKc1PjIKUkLFf1QJ7okuseA4f/9vncu37dQ2ZcRrPKy0Ndd5g=="],

    "@swc/core-darwin-arm64": ["@swc/core-darwin-arm64@1.12.9", "", { "os": "darwin", "cpu": "arm64" }, "sha512-GACFEp4nD6V+TZNR2JwbMZRHB+Yyvp14FrcmB6UCUYmhuNWjkxi+CLnEvdbuiKyQYv0zA+TRpCHZ+whEs6gwfA=="],

    "@swc/core-darwin-x64": ["@swc/core-darwin-x64@1.12.9", "", { "os": "darwin", "cpu": "x64" }, "sha512-hv2kls7Ilkm2EpeJz+I9MCil7pGS3z55ZAgZfxklEuYsxpICycxeH+RNRv4EraggN44ms+FWCjtZFu0LGg2V3g=="],

    "@swc/core-linux-arm-gnueabihf": ["@swc/core-linux-arm-gnueabihf@1.12.9", "", { "os": "linux", "cpu": "arm" }, "sha512-od9tDPiG+wMU9wKtd6y3nYJdNqgDOyLdgRRcrj1/hrbHoUPOM8wZQZdwQYGarw63iLXGgsw7t5HAF9Yc51ilFA=="],

    "@swc/core-linux-arm64-gnu": ["@swc/core-linux-arm64-gnu@1.12.9", "", { "os": "linux", "cpu": "arm64" }, "sha512-6qx1ka9LHcLzxIgn2Mros+CZLkHK2TawlXzi/h7DJeNnzi8F1Hw0Yzjp8WimxNCg6s2n+o3jnmin1oXB7gg8rw=="],

    "@swc/core-linux-arm64-musl": ["@swc/core-linux-arm64-musl@1.12.9", "", { "os": "linux", "cpu": "arm64" }, "sha512-yghFZWKPVVGbUdqiD7ft23G0JX6YFGDJPz9YbLLAwGuKZ9th3/jlWoQDAw1Naci31LQhVC+oIji6ozihSuwB2A=="],

    "@swc/core-linux-x64-gnu": ["@swc/core-linux-x64-gnu@1.12.9", "", { "os": "linux", "cpu": "x64" }, "sha512-SFUxyhWLZRNL8QmgGNqdi2Q43PNyFVkRZ2zIif30SOGFSxnxcf2JNeSeBgKIGVgaLSuk6xFVVCtJ3KIeaStgRg=="],

    "@swc/core-linux-x64-musl": ["@swc/core-linux-x64-musl@1.12.9", "", { "os": "linux", "cpu": "x64" }, "sha512-9FB0wM+6idCGTI20YsBNBg9xSWtkDBymnpaTCsZM3qDc0l4uOpJMqbfWhQvp17x7r/ulZfb2QY8RDvQmCL6AcQ=="],

    "@swc/core-win32-arm64-msvc": ["@swc/core-win32-arm64-msvc@1.12.9", "", { "os": "win32", "cpu": "arm64" }, "sha512-zHOusMVbOH9ik5RtRrMiGzLpKwxrPXgXkBm3SbUCa65HAdjV33NZ0/R9Rv1uPESALtEl2tzMYLUxYA5ECFDFhA=="],

    "@swc/core-win32-ia32-msvc": ["@swc/core-win32-ia32-msvc@1.12.9", "", { "os": "win32", "cpu": "ia32" }, "sha512-aWZf0PqE0ot7tCuhAjRkDFf41AzzSQO0x2xRfTbnhpROp57BRJ/N5eee1VULO/UA2PIJRG7GKQky5bSGBYlFug=="],

    "@swc/core-win32-x64-msvc": ["@swc/core-win32-x64-msvc@1.12.9", "", { "os": "win32", "cpu": "x64" }, "sha512-C25fYftXOras3P3anSUeXXIpxmEkdAcsIL9yrr0j1xepTZ/yKwpnQ6g3coj8UXdeJy4GTVlR6+Ow/QiBgZQNOg=="],

    "@swc/counter": ["@swc/counter@0.1.3", "", {}, "sha512-e2BR4lsJkkRlKZ/qCHPw9ZaSxc0MVUd7gtbtaB7aMvHeJVYe8sOB8DBZkP2DtISHGSku9sCK6T6cnY0CtXrOCQ=="],

    "@swc/types": ["@swc/types@0.1.23", "", { "dependencies": { "@swc/counter": "^0.1.3" } }, "sha512-u1iIVZV9Q0jxY+yM2vw/hZGDNudsN85bBpTqzAQ9rzkxW9D+e3aEM4Han+ow518gSewkXgjmEK0BD79ZcNVgPw=="],

    "@szmarczak/http-timer": ["@szmarczak/http-timer@5.0.1", "", { "dependencies": { "defer-to-connect": "^2.0.1" } }, "sha512-+PmQX0PiAYPMeVYe237LJAYvOMYW1j2rH5YROyS3b4CTVJum34HfRvKvAzozHAQG0TnHNdUfY9nCeUyRAs//cw=="],

    "@tokenizer/token": ["@tokenizer/token@0.3.0", "", {}, "sha512-OvjF+z51L3ov0OyAU0duzsYuvO01PH7x4t6DJx+guahgTnBHkhJdG7soQeTSFLWN3efnHyibZ4Z8l2EuWwJN3A=="],

    "@types/bun": ["@types/bun@1.2.17", "", { "dependencies": { "bun-types": "1.2.17" } }, "sha512-l/BYs/JYt+cXA/0+wUhulYJB6a6p//GTPiJ7nV+QHa8iiId4HZmnu/3J/SowP5g0rTiERY2kfGKXEK5Ehltx4Q=="],

    "@types/http-cache-semantics": ["@types/http-cache-semantics@4.0.4", "", {}, "sha512-1m0bIFVc7eJWyve9S0RnuRgcQqF/Xd5QsUZAZeQFr1Q3/p9JWoQQEqmVy+DPTNpGXwhgIetAoYF8JSc33q29QA=="],

    "@types/node": ["@types/node@24.0.10", "", { "dependencies": { "undici-types": "~7.8.0" } }, "sha512-ENHwaH+JIRTDIEEbDK6QSQntAYGtbvdDXnMXnZaZ6k13Du1dPMmprkEHIL7ok2Wl2aZevetwTAb5S+7yIF+enA=="],

    "@xhmikosr/archive-type": ["@xhmikosr/archive-type@7.0.0", "", { "dependencies": { "file-type": "^19.0.0" } }, "sha512-sIm84ZneCOJuiy3PpWR5bxkx3HaNt1pqaN+vncUBZIlPZCq8ASZH+hBVdu5H8znR7qYC6sKwx+ie2Q7qztJTxA=="],

    "@xhmikosr/bin-check": ["@xhmikosr/bin-check@7.0.3", "", { "dependencies": { "execa": "^5.1.1", "isexe": "^2.0.0" } }, "sha512-4UnCLCs8DB+itHJVkqFp9Zjg+w/205/J2j2wNBsCEAm/BuBmtua2hhUOdAMQE47b1c7P9Xmddj0p+X1XVsfHsA=="],

    "@xhmikosr/bin-wrapper": ["@xhmikosr/bin-wrapper@13.0.5", "", { "dependencies": { "@xhmikosr/bin-check": "^7.0.3", "@xhmikosr/downloader": "^15.0.1", "@xhmikosr/os-filter-obj": "^3.0.0", "bin-version-check": "^5.1.0" } }, "sha512-DT2SAuHDeOw0G5bs7wZbQTbf4hd8pJ14tO0i4cWhRkIJfgRdKmMfkDilpaJ8uZyPA0NVRwasCNAmMJcWA67osw=="],

    "@xhmikosr/decompress": ["@xhmikosr/decompress@10.0.1", "", { "dependencies": { "@xhmikosr/decompress-tar": "^8.0.1", "@xhmikosr/decompress-tarbz2": "^8.0.1", "@xhmikosr/decompress-targz": "^8.0.1", "@xhmikosr/decompress-unzip": "^7.0.0", "graceful-fs": "^4.2.11", "make-dir": "^4.0.0", "strip-dirs": "^3.0.0" } }, "sha512-6uHnEEt5jv9ro0CDzqWlFgPycdE+H+kbJnwyxgZregIMLQ7unQSCNVsYG255FoqU8cP46DyggI7F7LohzEl8Ag=="],

    "@xhmikosr/decompress-tar": ["@xhmikosr/decompress-tar@8.0.1", "", { "dependencies": { "file-type": "^19.0.0", "is-stream": "^2.0.1", "tar-stream": "^3.1.7" } }, "sha512-dpEgs0cQKJ2xpIaGSO0hrzz3Kt8TQHYdizHsgDtLorWajuHJqxzot9Hbi0huRxJuAGG2qiHSQkwyvHHQtlE+fg=="],

    "@xhmikosr/decompress-tarbz2": ["@xhmikosr/decompress-tarbz2@8.0.2", "", { "dependencies": { "@xhmikosr/decompress-tar": "^8.0.1", "file-type": "^19.6.0", "is-stream": "^2.0.1", "seek-bzip": "^2.0.0", "unbzip2-stream": "^1.4.3" } }, "sha512-p5A2r/AVynTQSsF34Pig6olt9CvRj6J5ikIhzUd3b57pUXyFDGtmBstcw+xXza0QFUh93zJsmY3zGeNDlR2AQQ=="],

    "@xhmikosr/decompress-targz": ["@xhmikosr/decompress-targz@8.0.1", "", { "dependencies": { "@xhmikosr/decompress-tar": "^8.0.1", "file-type": "^19.0.0", "is-stream": "^2.0.1" } }, "sha512-mvy5AIDIZjQ2IagMI/wvauEiSNHhu/g65qpdM4EVoYHUJBAmkQWqcPJa8Xzi1aKVTmOA5xLJeDk7dqSjlHq8Mg=="],

    "@xhmikosr/decompress-unzip": ["@xhmikosr/decompress-unzip@7.0.0", "", { "dependencies": { "file-type": "^19.0.0", "get-stream": "^6.0.1", "yauzl": "^3.1.2" } }, "sha512-GQMpzIpWTsNr6UZbISawsGI0hJ4KA/mz5nFq+cEoPs12UybAqZWKbyIaZZyLbJebKl5FkLpsGBkrplJdjvUoSQ=="],

    "@xhmikosr/downloader": ["@xhmikosr/downloader@15.0.1", "", { "dependencies": { "@xhmikosr/archive-type": "^7.0.0", "@xhmikosr/decompress": "^10.0.1", "content-disposition": "^0.5.4", "defaults": "^3.0.0", "ext-name": "^5.0.0", "file-type": "^19.0.0", "filenamify": "^6.0.0", "get-stream": "^6.0.1", "got": "^13.0.0" } }, "sha512-fiuFHf3Dt6pkX8HQrVBsK0uXtkgkVlhrZEh8b7VgoDqFf+zrgFBPyrwCqE/3nDwn3hLeNz+BsrS7q3mu13Lp1g=="],

    "@xhmikosr/os-filter-obj": ["@xhmikosr/os-filter-obj@3.0.0", "", { "dependencies": { "arch": "^3.0.0" } }, "sha512-siPY6BD5dQ2SZPl3I0OZBHL27ZqZvLEosObsZRQ1NUB8qcxegwt0T9eKtV96JMFQpIz1elhkzqOg4c/Ri6Dp9A=="],

    "abstract-logging": ["abstract-logging@2.0.1", "", {}, "sha512-2BjRTZxTPvheOvGbBslFSYOUkr+SjPtOnrLP33f+VIWLzezQpZcqVg7ja3L4dBXmzzgwT+a029jRx5PCi3JuiA=="],

    "ajv": ["ajv@8.17.1", "", { "dependencies": { "fast-deep-equal": "^3.1.3", "fast-uri": "^3.0.1", "json-schema-traverse": "^1.0.0", "require-from-string": "^2.0.2" } }, "sha512-B/gBuNg5SiMTrPkC+A2+cW0RszwxYmn6VYxB/inlBStS5nx6xHIt/ehKRhIMhqusl7a8LjQoZnjCs5vhwxOQ1g=="],

    "ajv-formats": ["ajv-formats@3.0.1", "", { "dependencies": { "ajv": "^8.0.0" } }, "sha512-8iUql50EUR+uUcdRQ3HDqa6EVyo3docL8g5WJ3FNcWmu62IbkGUue/pEyLBW8VGKKucTPgqeks4fIU1DA4yowQ=="],

    "arch": ["arch@3.0.0", "", {}, "sha512-AmIAC+Wtm2AU8lGfTtHsw0Y9Qtftx2YXEEtiBP10xFUtMOA+sHHx6OAddyL52mUKh1vsXQ6/w1mVDptZCyUt4Q=="],

    "atomic-sleep": ["atomic-sleep@1.0.0", "", {}, "sha512-kNOjDqAh7px0XWNI+4QbzoiR/nTkHAWNud2uvnJquD1/x5a7EQZMJT0AczqK0Qn67oY/TTQ1LbUKajZpp3I9tQ=="],

    "avvio": ["avvio@9.1.0", "", { "dependencies": { "@fastify/error": "^4.0.0", "fastq": "^1.17.1" } }, "sha512-fYASnYi600CsH/j9EQov7lECAniYiBFiiAtBNuZYLA2leLe9qOvZzqYHFjtIj6gD2VMoMLP14834LFWvr4IfDw=="],

    "b4a": ["b4a@1.6.7", "", {}, "sha512-OnAYlL5b7LEkALw87fUVafQw5rVR9RjwGd4KUwNQ6DrrNmaVaUCgLipfVlzrPQ4tWOR9P0IXGNOx50jYCCdSJg=="],

    "balanced-match": ["balanced-match@1.0.2", "", {}, "sha512-3oSeUO0TMV67hN1AmbXsK4yaqU7tjiHlbxRDZOpH0KW9+CeX4bRAaX0Anxt0tx2MrpRpWwQaPwIlISEJhYU5Pw=="],

    "bare-events": ["bare-events@2.5.4", "", {}, "sha512-+gFfDkR8pj4/TrWCGUGWmJIkBwuxPS5F+a5yWjOHQt2hHvNZd5YLzadjmDUtFmMM4y429bnKLa8bYBMHcYdnQA=="],

    "base64-js": ["base64-js@1.5.1", "", {}, "sha512-AKpaYlHn8t4SVbOHCy+b5+KKgvR4vrsD8vbvrbiQJps7fKDTkjkDry6ji0rUJjC0kzbNePLwzxq8iypo41qeWA=="],

    "bin-version": ["bin-version@6.0.0", "", { "dependencies": { "execa": "^5.0.0", "find-versions": "^5.0.0" } }, "sha512-nk5wEsP4RiKjG+vF+uG8lFsEn4d7Y6FVDamzzftSunXOoOcOOkzcWdKVlGgFFwlUQCj63SgnUkLLGF8v7lufhw=="],

    "bin-version-check": ["bin-version-check@5.1.0", "", { "dependencies": { "bin-version": "^6.0.0", "semver": "^7.5.3", "semver-truncate": "^3.0.0" } }, "sha512-bYsvMqJ8yNGILLz1KP9zKLzQ6YpljV3ln1gqhuLkUtyfGi3qXKGuK2p+U4NAvjVFzDFiBBtOpCOSFNuYYEGZ5g=="],

    "brace-expansion": ["brace-expansion@2.0.2", "", { "dependencies": { "balanced-match": "^1.0.0" } }, "sha512-Jt0vHyM+jmUBqojB7E1NIYadt0vI0Qxjxd2TErW94wDz+E2LAm5vKMXXwg6ZZBTHPuUlDgQHKXvjGBdfcF1ZDQ=="],

    "braces": ["braces@3.0.3", "", { "dependencies": { "fill-range": "^7.1.1" } }, "sha512-yQbXgO/OSZVD2IsiLlro+7Hf6Q18EJrKSEsdoMzKePKXct3gvD8oLcOQdIzGupr5Fj+EDe8gO/lxc1BzfMpxvA=="],

    "buffer": ["buffer@5.7.1", "", { "dependencies": { "base64-js": "^1.3.1", "ieee754": "^1.1.13" } }, "sha512-EHcyIPBQ4BSGlvjB16k5KgAJ27CIsHY/2JBmCRReo48y9rQ3MaUzWX3KVlBa4U7MyX02HdVj0K7C3WaB3ju7FQ=="],

    "buffer-crc32": ["buffer-crc32@0.2.13", "", {}, "sha512-VO9Ht/+p3SN7SKWqcrgEzjGbRSJYTx+Q1pTQC0wrWqHx0vpJraQ6GtHx8tvcg1rlK1byhU5gccxgOgj7B0TDkQ=="],

    "bun-types": ["bun-types@1.2.17", "", { "dependencies": { "@types/node": "*" } }, "sha512-ElC7ItwT3SCQwYZDYoAH+q6KT4Fxjl8DtZ6qDulUFBmXA8YB4xo+l54J9ZJN+k2pphfn9vk7kfubeSd5QfTVJQ=="],

    "cacheable-lookup": ["cacheable-lookup@7.0.0", "", {}, "sha512-+qJyx4xiKra8mZrcwhjMRMUhD5NR1R8esPkzIYxX96JiecFoxAXFuz/GpR3+ev4PE1WamHip78wV0vcmPQtp8w=="],

    "cacheable-request": ["cacheable-request@10.2.14", "", { "dependencies": { "@types/http-cache-semantics": "^4.0.2", "get-stream": "^6.0.1", "http-cache-semantics": "^4.1.1", "keyv": "^4.5.3", "mimic-response": "^4.0.0", "normalize-url": "^8.0.0", "responselike": "^3.0.0" } }, "sha512-zkDT5WAF4hSSoUgyfg5tFIxz8XQK+25W/TLVojJTMKBaxevLBBtLxgqguAuVQB8PVW79FVjHcU+GJ9tVbDZ9mQ=="],

    "commander": ["commander@8.3.0", "", {}, "sha512-OkTL9umf+He2DZkUq8f8J9of7yL6RJKI24dVITBmNfZBmri9zYZQrKkuXiKhyfPSu8tUhnVBB1iKXevvnlR4Ww=="],

    "content-disposition": ["content-disposition@0.5.4", "", { "dependencies": { "safe-buffer": "5.2.1" } }, "sha512-FveZTNuGw04cxlAiWbzi6zTAL/lhehaWbTtgluJh4/E95DqMwTmha3KZN1aAWA8cFIhHzMZUvLevkw5Rqk+tSQ=="],

    "cookie": ["cookie@1.0.2", "", {}, "sha512-9Kr/j4O16ISv8zBBhJoi4bXOYNTkFLOqSL3UDB0njXxCXNezjeyVrJyGOWtgfs/q2km1gwBcfH8q1yEGoMYunA=="],

    "cross-spawn": ["cross-spawn@7.0.6", "", { "dependencies": { "path-key": "^3.1.0", "shebang-command": "^2.0.0", "which": "^2.0.1" } }, "sha512-uV2QOWP2nWzsy2aMp8aRibhi9dlzF5Hgh5SHaB9OiTGEyDTiJJyx0uy51QXdyWbtAHNua4XJzUKca3OzKUd3vA=="],

    "decompress-response": ["decompress-response@6.0.0", "", { "dependencies": { "mimic-response": "^3.1.0" } }, "sha512-aW35yZM6Bb/4oJlZncMH2LCoZtJXTRxES17vE3hoRiowU2kWHaJKFkSBDnDR+cm9J+9QhXmREyIfv0pji9ejCQ=="],

    "defaults": ["defaults@3.0.0", "", {}, "sha512-RsqXDEAALjfRTro+IFNKpcPCt0/Cy2FqHSIlnomiJp9YGadpQnrtbRpSgN2+np21qHcIKiva4fiOQGjS9/qR/A=="],

    "defer-to-connect": ["defer-to-connect@2.0.1", "", {}, "sha512-4tvttepXG1VaYGrRibk5EwJd1t4udunSOVMdLSAL6mId1ix438oPwPZMALY41FCijukO1L0twNcGsdzS7dHgDg=="],

    "dequal": ["dequal@2.0.3", "", {}, "sha512-0je+qPKHEMohvfRTCEo3CrPG6cAzAYgmzKyxRiYSSDkS6eGJdyVJm7WaYA5ECaAD9wLB2T4EEeymA5aFVcYXCA=="],

    "execa": ["execa@5.1.1", "", { "dependencies": { "cross-spawn": "^7.0.3", "get-stream": "^6.0.0", "human-signals": "^2.1.0", "is-stream": "^2.0.0", "merge-stream": "^2.0.0", "npm-run-path": "^4.0.1", "onetime": "^5.1.2", "signal-exit": "^3.0.3", "strip-final-newline": "^2.0.0" } }, "sha512-8uSpZZocAZRBAPIEINJj3Lo9HyGitllczc27Eh5YYojjMFMn8yHMDMaUHE2Jqfq05D/wucwI4JGURyXt1vchyg=="],

    "ext-list": ["ext-list@2.2.2", "", { "dependencies": { "mime-db": "^1.28.0" } }, "sha512-u+SQgsubraE6zItfVA0tBuCBhfU9ogSRnsvygI7wht9TS510oLkBRXBsqopeUG/GBOIQyKZO9wjTqIu/sf5zFA=="],

    "ext-name": ["ext-name@5.0.0", "", { "dependencies": { "ext-list": "^2.0.0", "sort-keys-length": "^1.0.0" } }, "sha512-yblEwXAbGv1VQDmow7s38W77hzAgJAO50ztBLMcUyUBfxv1HC+LGwtiEN+Co6LtlqT/5uwVOxsD4TNIilWhwdQ=="],

    "fast-decode-uri-component": ["fast-decode-uri-component@1.0.1", "", {}, "sha512-WKgKWg5eUxvRZGwW8FvfbaH7AXSh2cL+3j5fMGzUMCxWBJ3dV3a7Wz8y2f/uQ0e3B6WmodD3oS54jTQ9HVTIIg=="],

    "fast-deep-equal": ["fast-deep-equal@3.1.3", "", {}, "sha512-f3qQ9oQy9j2AhBe/H9VC91wLmKBCCU/gDOnKNAYG5hswO7BLKj09Hc5HYNz9cGI++xlpDCIgDaitVs03ATR84Q=="],

    "fast-fifo": ["fast-fifo@1.3.2", "", {}, "sha512-/d9sfos4yxzpwkDkuN7k2SqFKtYNmCTzgfEpz82x34IM9/zc8KGxQoXg1liNC/izpRM/MBdt44Nmx41ZWqk+FQ=="],

    "fast-glob": ["fast-glob@3.3.3", "", { "dependencies": { "@nodelib/fs.stat": "^2.0.2", "@nodelib/fs.walk": "^1.2.3", "glob-parent": "^5.1.2", "merge2": "^1.3.0", "micromatch": "^4.0.8" } }, "sha512-7MptL8U0cqcFdzIzwOTHoilX9x5BrNqye7Z/LuC7kCMRio1EMSyqRK3BEAUD7sXRq4iT4AzTVuZdhgQ2TCvYLg=="],

    "fast-json-stringify": ["fast-json-stringify@6.0.1", "", { "dependencies": { "@fastify/merge-json-schemas": "^0.2.0", "ajv": "^8.12.0", "ajv-formats": "^3.0.1", "fast-uri": "^3.0.0", "json-schema-ref-resolver": "^2.0.0", "rfdc": "^1.2.0" } }, "sha512-s7SJE83QKBZwg54dIbD5rCtzOBVD43V1ReWXXYqBgwCwHLYAAT0RQc/FmrQglXqWPpz6omtryJQOau5jI4Nrvg=="],

    "fast-querystring": ["fast-querystring@1.1.2", "", { "dependencies": { "fast-decode-uri-component": "^1.0.1" } }, "sha512-g6KuKWmFXc0fID8WWH0jit4g0AGBoJhCkJMb1RmbsSEUNvQ+ZC8D6CUZ+GtF8nMzSPXnhiePyyqqipzNNEnHjg=="],

    "fast-redact": ["fast-redact@3.5.0", "", {}, "sha512-dwsoQlS7h9hMeYUq1W++23NDcBLV4KqONnITDV9DjfS3q1SgDGVrBdvvTLUotWtPSD7asWDV9/CmsZPy8Hf70A=="],

    "fast-uri": ["fast-uri@3.0.6", "", {}, "sha512-Atfo14OibSv5wAp4VWNsFYE1AchQRTv9cBGWET4pZWHzYshFSS9NQI6I57rdKn9croWVMbYFbLhJ+yJvmZIIHw=="],

    "fastify": ["fastify@5.4.0", "", { "dependencies": { "@fastify/ajv-compiler": "^4.0.0", "@fastify/error": "^4.0.0", "@fastify/fast-json-stringify-compiler": "^5.0.0", "@fastify/proxy-addr": "^5.0.0", "abstract-logging": "^2.0.1", "avvio": "^9.0.0", "fast-json-stringify": "^6.0.0", "find-my-way": "^9.0.0", "light-my-request": "^6.0.0", "pino": "^9.0.0", "process-warning": "^5.0.0", "rfdc": "^1.3.1", "secure-json-parse": "^4.0.0", "semver": "^7.6.0", "toad-cache": "^3.7.0" } }, "sha512-I4dVlUe+WNQAhKSyv15w+dwUh2EPiEl4X2lGYMmNSgF83WzTMAPKGdWEv5tPsCQOb+SOZwz8Vlta2vF+OeDgRw=="],

    "fastq": ["fastq@1.19.1", "", { "dependencies": { "reusify": "^1.0.4" } }, "sha512-GwLTyxkCXjXbxqIhTsMI2Nui8huMPtnxg7krajPJAjnEG/iiOS7i+zCtWGZR9G0NBKbXKh6X9m9UIsYX/N6vvQ=="],

    "file-type": ["file-type@19.6.0", "", { "dependencies": { "get-stream": "^9.0.1", "strtok3": "^9.0.1", "token-types": "^6.0.0", "uint8array-extras": "^1.3.0" } }, "sha512-VZR5I7k5wkD0HgFnMsq5hOsSc710MJMu5Nc5QYsbe38NN5iPV/XTObYLc/cpttRTf6lX538+5uO1ZQRhYibiZQ=="],

    "filename-reserved-regex": ["filename-reserved-regex@3.0.0", "", {}, "sha512-hn4cQfU6GOT/7cFHXBqeBg2TbrMBgdD0kcjLhvSQYYwm3s4B6cjvBfb7nBALJLAXqmU5xajSa7X2NnUud/VCdw=="],

    "filenamify": ["filenamify@6.0.0", "", { "dependencies": { "filename-reserved-regex": "^3.0.0" } }, "sha512-vqIlNogKeyD3yzrm0yhRMQg8hOVwYcYRfjEoODd49iCprMn4HL85gK3HcykQE53EPIpX3HcAbGA5ELQv216dAQ=="],

    "fill-range": ["fill-range@7.1.1", "", { "dependencies": { "to-regex-range": "^5.0.1" } }, "sha512-YsGpe3WHLK8ZYi4tWDg2Jy3ebRz2rXowDxnld4bkQB00cc/1Zw9AWnC0i9ztDJitivtQvaI9KaLyKrc+hBW0yg=="],

    "find-my-way": ["find-my-way@9.3.0", "", { "dependencies": { "fast-deep-equal": "^3.1.3", "fast-querystring": "^1.0.0", "safe-regex2": "^5.0.0" } }, "sha512-eRoFWQw+Yv2tuYlK2pjFS2jGXSxSppAs3hSQjfxVKxM5amECzIgYYc1FEI8ZmhSh/Ig+FrKEz43NLRKJjYCZVg=="],

    "find-versions": ["find-versions@5.1.0", "", { "dependencies": { "semver-regex": "^4.0.5" } }, "sha512-+iwzCJ7C5v5KgcBuueqVoNiHVoQpwiUK5XFLjf0affFTep+Wcw93tPvmb8tqujDNmzhBDPddnWV/qgWSXgq+Hg=="],

    "form-data-encoder": ["form-data-encoder@2.1.4", "", {}, "sha512-yDYSgNMraqvnxiEXO4hi88+YZxaHC6QKzb5N84iRCTDeRO7ZALpir/lVmf/uXUhnwUr2O4HU8s/n6x+yNjQkHw=="],

    "get-stream": ["get-stream@6.0.1", "", {}, "sha512-ts6Wi+2j3jQjqi70w5AlN8DFnkSwC+MqmxEzdEALB2qXZYV3X/b1CTfgPLGJNMeAWxdPfU8FO1ms3NUfaHCPYg=="],

    "glob-parent": ["glob-parent@5.1.2", "", { "dependencies": { "is-glob": "^4.0.1" } }, "sha512-AOIgSQCepiJYwP3ARnGx+5VnTu2HBYdzbGP45eLw1vr3zB3vZLeyed1sC9hnbcOc9/SrMyM5RPQrkGz4aS9Zow=="],

    "got": ["got@13.0.0", "", { "dependencies": { "@sindresorhus/is": "^5.2.0", "@szmarczak/http-timer": "^5.0.1", "cacheable-lookup": "^7.0.0", "cacheable-request": "^10.2.8", "decompress-response": "^6.0.0", "form-data-encoder": "^2.1.2", "get-stream": "^6.0.1", "http2-wrapper": "^2.1.10", "lowercase-keys": "^3.0.0", "p-cancelable": "^3.0.0", "responselike": "^3.0.0" } }, "sha512-XfBk1CxOOScDcMr9O1yKkNaQyy865NbYs+F7dr4H0LZMVgCj2Le59k6PqbNHoL5ToeaEQUYh6c6yMfVcc6SJxA=="],

    "graceful-fs": ["graceful-fs@4.2.11", "", {}, "sha512-RbJ5/jmFcNNCcDV5o9eTnBLJ/HszWV0P73bc+Ff4nS/rJj+YaS6IGyiOL0VoBYX+l1Wrl3k63h/KrH+nhJ0XvQ=="],

    "http-cache-semantics": ["http-cache-semantics@4.2.0", "", {}, "sha512-dTxcvPXqPvXBQpq5dUr6mEMJX4oIEFv6bwom3FDwKRDsuIjjJGANqhBuoAn9c1RQJIdAKav33ED65E2ys+87QQ=="],

    "http2-wrapper": ["http2-wrapper@2.2.1", "", { "dependencies": { "quick-lru": "^5.1.1", "resolve-alpn": "^1.2.0" } }, "sha512-V5nVw1PAOgfI3Lmeaj2Exmeg7fenjhRUgz1lPSezy1CuhPYbgQtbQj4jZfEAEMlaL+vupsvhjqCyjzob0yxsmQ=="],

    "human-signals": ["human-signals@2.1.0", "", {}, "sha512-B4FFZ6q/T2jhhksgkbEW3HBvWIfDW85snkQgawt07S7J5QXTk6BkNV+0yAeZrM5QpMAdYlocGoljn0sJ/WQkFw=="],

    "ieee754": ["ieee754@1.2.1", "", {}, "sha512-dcyqhDvX1C46lXZcVqCpK+FtMRQVdIMN6/Df5js2zouUsqG7I6sFxitIC+7KYK29KdXOLHdu9zL4sFnoVQnqaA=="],

    "inspect-with-kind": ["inspect-with-kind@1.0.5", "", { "dependencies": { "kind-of": "^6.0.2" } }, "sha512-MAQUJuIo7Xqk8EVNP+6d3CKq9c80hi4tjIbIAT6lmGW9W6WzlHiu9PS8uSuUYU+Do+j1baiFp3H25XEVxDIG2g=="],

    "ipaddr.js": ["ipaddr.js@2.2.0", "", {}, "sha512-Ag3wB2o37wslZS19hZqorUnrnzSkpOVy+IiiDEiTqNubEYpYuHWIf6K4psgN2ZWKExS4xhVCrRVfb/wfW8fWJA=="],

    "is-extglob": ["is-extglob@2.1.1", "", {}, "sha512-SbKbANkN603Vi4jEZv49LeVJMn4yGwsbzZworEoyEiutsN3nJYdbO36zfhGJ6QEDpOZIFkDtnq5JRxmvl3jsoQ=="],

    "is-glob": ["is-glob@4.0.3", "", { "dependencies": { "is-extglob": "^2.1.1" } }, "sha512-xelSayHH36ZgE7ZWhli7pW34hNbNl8Ojv5KVmkJD4hBdD3th8Tfk9vYasLM+mXWOZhFkgZfxhLSnrwRr4elSSg=="],

    "is-number": ["is-number@7.0.0", "", {}, "sha512-41Cifkg6e8TylSpdtTpeLVMqvSBEVzTttHvERD741+pnZ8ANv0004MRL43QKPDlK9cGvNp6NZWZUBlbGXYxxng=="],

    "is-plain-obj": ["is-plain-obj@1.1.0", "", {}, "sha512-yvkRyxmFKEOQ4pNXCmJG5AEQNlXJS5LaONXo5/cLdTZdWvsZ1ioJEonLGAosKlMWE8lwUy/bJzMjcw8az73+Fg=="],

    "is-stream": ["is-stream@2.0.1", "", {}, "sha512-hFoiJiTl63nn+kstHGBtewWSKnQLpyb155KHheA1l39uvtO9nWIop1p3udqPcUd/xbF1VLMO4n7OI6p7RbngDg=="],

    "isexe": ["isexe@2.0.0", "", {}, "sha512-RHxMLp9lnKHGHRng9QFhRCMbYAcVpn69smSGcq3f36xjgVVWThj4qqLbTLlq7Ssj8B+fIQ1EuCEGI2lKsyQeIw=="],

    "json-buffer": ["json-buffer@3.0.1", "", {}, "sha512-4bV5BfR2mqfQTJm+V5tPPdf+ZpuhiIvTuAB5g8kcrXOZpTT/QwwVRWBywX1ozr6lEuPdbHxwaJlm9G6mI2sfSQ=="],

    "json-schema-ref-resolver": ["json-schema-ref-resolver@2.0.1", "", { "dependencies": { "dequal": "^2.0.3" } }, "sha512-HG0SIB9X4J8bwbxCbnd5FfPEbcXAJYTi1pBJeP/QPON+w8ovSME8iRG+ElHNxZNX2Qh6eYn1GdzJFS4cDFfx0Q=="],

    "json-schema-traverse": ["json-schema-traverse@1.0.0", "", {}, "sha512-NM8/P9n3XjXhIZn1lLhkFaACTOURQXjWhV4BA/RnOv8xvgqtqpAX9IO4mRQxSx1Rlo4tqzeqb0sOlruaOy3dug=="],

    "keyv": ["keyv@4.5.4", "", { "dependencies": { "json-buffer": "3.0.1" } }, "sha512-oxVHkHR/EJf2CNXnWxRLW6mg7JyCCUcG0DtEGmL2ctUo1PNTin1PUil+r/+4r5MpVgC/fn1kjsx7mjSujKqIpw=="],

    "kind-of": ["kind-of@6.0.3", "", {}, "sha512-dcS1ul+9tmeD95T+x28/ehLgd9mENa3LsvDTtzm3vyBEO7RPptvAD+t44WVXaUjTBRcrpFeFlC8WCruUR456hw=="],

    "light-my-request": ["light-my-request@6.6.0", "", { "dependencies": { "cookie": "^1.0.1", "process-warning": "^4.0.0", "set-cookie-parser": "^2.6.0" } }, "sha512-CHYbu8RtboSIoVsHZ6Ye4cj4Aw/yg2oAFimlF7mNvfDV192LR7nDiKtSIfCuLT7KokPSTn/9kfVLm5OGN0A28A=="],

    "lowercase-keys": ["lowercase-keys@3.0.0", "", {}, "sha512-ozCC6gdQ+glXOQsveKD0YsDy8DSQFjDTz4zyzEHNV5+JP5D62LmfDZ6o1cycFx9ouG940M5dE8C8CTewdj2YWQ=="],

    "make-dir": ["make-dir@4.0.0", "", { "dependencies": { "semver": "^7.5.3" } }, "sha512-hXdUTZYIVOt1Ex//jAQi+wTZZpUpwBj/0QsOzqegb3rGMMeJiSEu5xLHnYfBrRV4RH2+OCSOO95Is/7x1WJ4bw=="],

    "merge-stream": ["merge-stream@2.0.0", "", {}, "sha512-abv/qOcuPfk3URPfDzmZU1LKmuw8kT+0nIHvKrKgFrwifol/doWcdA4ZqsWQ8ENrFKkd67Mfpo/LovbIUsbt3w=="],

    "merge2": ["merge2@1.4.1", "", {}, "sha512-8q7VEgMJW4J8tcfVPy8g09NcQwZdbwFEqhe/WZkoIzjn/3TGDwtOCYtXGxA3O8tPzpczCCDgv+P2P5y00ZJOOg=="],

    "micromatch": ["micromatch@4.0.8", "", { "dependencies": { "braces": "^3.0.3", "picomatch": "^2.3.1" } }, "sha512-PXwfBhYu0hBCPw8Dn0E+WDYb7af3dSLVWKi3HGv84IdF4TyFoC0ysxFd0Goxw7nSv4T/PzEJQxsYsEiFCKo2BA=="],

    "mime-db": ["mime-db@1.54.0", "", {}, "sha512-aU5EJuIN2WDemCcAp2vFBfp/m4EAhWJnUNSSw0ixs7/kXbd6Pg64EmwJkNdFhB8aWt1sH2CTXrLxo/iAGV3oPQ=="],

    "mimic-fn": ["mimic-fn@2.1.0", "", {}, "sha512-OqbOk5oEQeAZ8WXWydlu9HJjz9WVdEIvamMCcXmuqUYjTknH/sqsWvhQ3vgwKFRR1HpjvNBKQ37nbJgYzGqGcg=="],

    "mimic-response": ["mimic-response@4.0.0", "", {}, "sha512-e5ISH9xMYU0DzrT+jl8q2ze9D6eWBto+I8CNpe+VI+K2J/F/k3PdkdTdz4wvGVH4NTpo+NRYTVIuMQEMMcsLqg=="],

    "minimatch": ["minimatch@9.0.5", "", { "dependencies": { "brace-expansion": "^2.0.1" } }, "sha512-G6T0ZX48xgozx7587koeX9Ys2NYy6Gmv//P89sEte9V9whIapMNF4idKxnW2QtCcLiTWlb/wfCabAtAFWhhBow=="],

    "normalize-url": ["normalize-url@8.0.2", "", {}, "sha512-Ee/R3SyN4BuynXcnTaekmaVdbDAEiNrHqjQIA37mHU8G9pf7aaAD4ZX3XjBLo6rsdcxA/gtkcNYZLt30ACgynw=="],

    "npm-run-path": ["npm-run-path@4.0.1", "", { "dependencies": { "path-key": "^3.0.0" } }, "sha512-S48WzZW777zhNIrn7gxOlISNAqi9ZC/uQFnRdbeIHhZhCA6UqpkOT8T1G7BvfdgP4Er8gF4sUbaS0i7QvIfCWw=="],

    "on-exit-leak-free": ["on-exit-leak-free@2.1.2", "", {}, "sha512-0eJJY6hXLGf1udHwfNftBqH+g73EU4B504nZeKpz1sYRKafAghwxEJunB2O7rDZkL4PGfsMVnTXZ2EjibbqcsA=="],

    "onetime": ["onetime@5.1.2", "", { "dependencies": { "mimic-fn": "^2.1.0" } }, "sha512-kbpaSSGJTWdAY5KPVeMOKXSrPtr8C8C7wodJbcsd51jRnmD+GZu8Y0VoU6Dm5Z4vWr0Ig/1NKuWRKf7j5aaYSg=="],

    "p-cancelable": ["p-cancelable@3.0.0", "", {}, "sha512-mlVgR3PGuzlo0MmTdk4cXqXWlwQDLnONTAg6sm62XkMJEiRxN3GL3SffkYvqwonbkJBcrI7Uvv5Zh9yjvn2iUw=="],

    "path-key": ["path-key@3.1.1", "", {}, "sha512-ojmeN0qd+y0jszEtoY48r0Peq5dwMEkIlCOu6Q5f41lfkswXuKtYrhgoTpLnyIcHm24Uhqx+5Tqm2InSwLhE6Q=="],

    "peek-readable": ["peek-readable@5.4.2", "", {}, "sha512-peBp3qZyuS6cNIJ2akRNG1uo1WJ1d0wTxg/fxMdZ0BqCVhx242bSFHM9eNqflfJVS9SsgkzgT/1UgnsurBOTMg=="],

    "pend": ["pend@1.2.0", "", {}, "sha512-F3asv42UuXchdzt+xXqfW1OGlVBe+mxa2mqI0pg5yAHZPvFmY3Y6drSf/GQ1A86WgWEN9Kzh/WrgKa6iGcHXLg=="],

    "picomatch": ["picomatch@2.3.1", "", {}, "sha512-JU3teHTNjmE2VCGFzuY8EXzCDVwEqB2a8fsIvwaStHhAWJEeVd1o1QD80CU6+ZdEXXSLbSsuLwJjkCBWqRQUVA=="],

    "pino": ["pino@9.7.0", "", { "dependencies": { "atomic-sleep": "^1.0.0", "fast-redact": "^3.1.1", "on-exit-leak-free": "^2.1.0", "pino-abstract-transport": "^2.0.0", "pino-std-serializers": "^7.0.0", "process-warning": "^5.0.0", "quick-format-unescaped": "^4.0.3", "real-require": "^0.2.0", "safe-stable-stringify": "^2.3.1", "sonic-boom": "^4.0.1", "thread-stream": "^3.0.0" }, "bin": { "pino": "bin.js" } }, "sha512-vnMCM6xZTb1WDmLvtG2lE/2p+t9hDEIvTWJsu6FejkE62vB7gDhvzrpFR4Cw2to+9JNQxVnkAKVPA1KPB98vWg=="],

    "pino-abstract-transport": ["pino-abstract-transport@2.0.0", "", { "dependencies": { "split2": "^4.0.0" } }, "sha512-F63x5tizV6WCh4R6RHyi2Ml+M70DNRXt/+HANowMflpgGFMAym/VKm6G7ZOQRjqN7XbGxK1Lg9t6ZrtzOaivMw=="],

    "pino-std-serializers": ["pino-std-serializers@7.0.0", "", {}, "sha512-e906FRY0+tV27iq4juKzSYPbUj2do2X2JX4EzSca1631EB2QJQUqGbDuERal7LCtOpxl6x3+nvo9NPZcmjkiFA=="],

    "piscina": ["piscina@4.9.2", "", { "optionalDependencies": { "@napi-rs/nice": "^1.0.1" } }, "sha512-Fq0FERJWFEUpB4eSY59wSNwXD4RYqR+nR/WiEVcZW8IWfVBxJJafcgTEZDQo8k3w0sUarJ8RyVbbUF4GQ2LGbQ=="],

    "process-warning": ["process-warning@5.0.0", "", {}, "sha512-a39t9ApHNx2L4+HBnQKqxxHNs1r7KF+Intd8Q/g1bUh6q0WIp9voPXJ/x0j+ZL45KF1pJd9+q2jLIRMfvEshkA=="],

    "queue-microtask": ["queue-microtask@1.2.3", "", {}, "sha512-NuaNSa6flKT5JaSYQzJok04JzTL1CA6aGhv5rfLW3PgqA+M2ChpZQnAC8h8i4ZFkBS8X5RqkDBHA7r4hej3K9A=="],

    "quick-format-unescaped": ["quick-format-unescaped@4.0.4", "", {}, "sha512-tYC1Q1hgyRuHgloV/YXs2w15unPVh8qfu/qCTfhTYamaw7fyhumKa2yGpdSo87vY32rIclj+4fWYQXUMs9EHvg=="],

    "quick-lru": ["quick-lru@5.1.1", "", {}, "sha512-WuyALRjWPDGtt/wzJiadO5AXY+8hZ80hVpe6MyivgraREW751X3SbhRvG3eLKOYN+8VEvqLcf3wdnt44Z4S4SA=="],

    "real-require": ["real-require@0.2.0", "", {}, "sha512-57frrGM/OCTLqLOAh0mhVA9VBMHd+9U7Zb2THMGdBUoZVOtGbJzjxsYGDJ3A9AYYCP4hn6y1TVbaOfzWtm5GFg=="],

    "require-from-string": ["require-from-string@2.0.2", "", {}, "sha512-Xf0nWe6RseziFMu+Ap9biiUbmplq6S9/p+7w7YXP/JBHhrUDDUhwa+vANyubuqfZWTveU//DYVGsDG7RKL/vEw=="],

    "resolve-alpn": ["resolve-alpn@1.2.1", "", {}, "sha512-0a1F4l73/ZFZOakJnQ3FvkJ2+gSTQWz/r2KE5OdDY0TxPm5h4GkqkWWfM47T7HsbnOtcJVEF4epCVy6u7Q3K+g=="],

    "responselike": ["responselike@3.0.0", "", { "dependencies": { "lowercase-keys": "^3.0.0" } }, "sha512-40yHxbNcl2+rzXvZuVkrYohathsSJlMTXKryG5y8uciHv1+xDLHQpgjG64JUO9nrEq2jGLH6IZ8BcZyw3wrweg=="],

    "ret": ["ret@0.5.0", "", {}, "sha512-I1XxrZSQ+oErkRR4jYbAyEEu2I0avBvvMM5JN+6EBprOGRCs63ENqZ3vjavq8fBw2+62G5LF5XelKwuJpcvcxw=="],

    "reusify": ["reusify@1.1.0", "", {}, "sha512-g6QUff04oZpHs0eG5p83rFLhHeV00ug/Yf9nZM6fLeUrPguBTkTQOdpAWWspMh55TZfVQDPaN3NQJfbVRAxdIw=="],

    "rfdc": ["rfdc@1.4.1", "", {}, "sha512-q1b3N5QkRUWUl7iyylaaj3kOpIT0N2i9MqIEQXP73GVsN9cw3fdx8X63cEmWhJGi2PPCF23Ijp7ktmd39rawIA=="],

    "run-parallel": ["run-parallel@1.2.0", "", { "dependencies": { "queue-microtask": "^1.2.2" } }, "sha512-5l4VyZR86LZ/lDxZTR6jqL8AFE2S0IFLMP26AbjsLVADxHdhB/c0GUsH+y39UfCi3dzz8OlQuPmnaJOMoDHQBA=="],

    "safe-buffer": ["safe-buffer@5.2.1", "", {}, "sha512-rp3So07KcdmmKbGvgaNxQSJr7bGVSVk5S9Eq1F+ppbRo70+YeaDxkw5Dd8NPN+GD6bjnYm2VuPuCXmpuYvmCXQ=="],

    "safe-regex2": ["safe-regex2@5.0.0", "", { "dependencies": { "ret": "~0.5.0" } }, "sha512-YwJwe5a51WlK7KbOJREPdjNrpViQBI3p4T50lfwPuDhZnE3XGVTlGvi+aolc5+RvxDD6bnUmjVsU9n1eboLUYw=="],

    "safe-stable-stringify": ["safe-stable-stringify@2.5.0", "", {}, "sha512-b3rppTKm9T+PsVCBEOUR46GWI7fdOs00VKZ1+9c1EWDaDMvjQc6tUwuFyIprgGgTcWoVHSKrU8H31ZHA2e0RHA=="],

    "secure-json-parse": ["secure-json-parse@4.0.0", "", {}, "sha512-dxtLJO6sc35jWidmLxo7ij+Eg48PM/kleBsxpC8QJE0qJICe+KawkDQmvCMZUr9u7WKVHgMW6vy3fQ7zMiFZMA=="],

    "seek-bzip": ["seek-bzip@2.0.0", "", { "dependencies": { "commander": "^6.0.0" }, "bin": { "seek-bunzip": "bin/seek-bunzip", "seek-table": "bin/seek-bzip-table" } }, "sha512-SMguiTnYrhpLdk3PwfzHeotrcwi8bNV4iemL9tx9poR/yeaMYwB9VzR1w7b57DuWpuqR8n6oZboi0hj3AxZxQg=="],

    "semver": ["semver@7.7.2", "", { "bin": { "semver": "bin/semver.js" } }, "sha512-RF0Fw+rO5AMf9MAyaRXI4AV0Ulj5lMHqVxxdSgiVbixSCXoEmmX/jk0CuJw4+3SqroYO9VoUh+HcuJivvtJemA=="],

    "semver-regex": ["semver-regex@4.0.5", "", {}, "sha512-hunMQrEy1T6Jr2uEVjrAIqjwWcQTgOAcIM52C8MY1EZSD3DDNft04XzvYKPqjED65bNVVko0YI38nYeEHCX3yw=="],

    "semver-truncate": ["semver-truncate@3.0.0", "", { "dependencies": { "semver": "^7.3.5" } }, "sha512-LJWA9kSvMolR51oDE6PN3kALBNaUdkxzAGcexw8gjMA8xr5zUqK0JiR3CgARSqanYF3Z1YHvsErb1KDgh+v7Rg=="],

    "set-cookie-parser": ["set-cookie-parser@2.7.1", "", {}, "sha512-IOc8uWeOZgnb3ptbCURJWNjWUPcO3ZnTTdzsurqERrP6nPyv+paC55vJM0LpOlT2ne+Ix+9+CRG1MNLlyZ4GjQ=="],

    "shebang-command": ["shebang-command@2.0.0", "", { "dependencies": { "shebang-regex": "^3.0.0" } }, "sha512-kHxr2zZpYtdmrN1qDjrrX/Z1rR1kG8Dx+gkpK1G4eXmvXswmcE1hTWBWYUzlraYw1/yZp6YuDY77YtvbN0dmDA=="],

    "shebang-regex": ["shebang-regex@3.0.0", "", {}, "sha512-7++dFhtcx3353uBaq8DDR4NuxBetBzC7ZQOhmTQInHEd6bSrXdiEyzCvG07Z44UYdLShWUyXt5M/yhz8ekcb1A=="],

    "signal-exit": ["signal-exit@3.0.7", "", {}, "sha512-wnD2ZE+l+SPC/uoS0vXeE9L1+0wuaMqKlfz9AMUo38JsyLSBWSFcHR1Rri62LZc12vLr1gb3jl7iwQhgwpAbGQ=="],

    "slash": ["slash@3.0.0", "", {}, "sha512-g9Q1haeby36OSStwb4ntCGGGaKsaVSjQ68fBxoQcutl5fS1vuY18H3wSt3jFyFtrkx+Kz0V1G85A4MyAdDMi2Q=="],

    "sonic-boom": ["sonic-boom@4.2.0", "", { "dependencies": { "atomic-sleep": "^1.0.0" } }, "sha512-INb7TM37/mAcsGmc9hyyI6+QR3rR1zVRu36B0NeGXKnOOLiZOfER5SA+N7X7k3yUYRzLWafduTDvJAfDswwEww=="],

    "sort-keys": ["sort-keys@1.1.2", "", { "dependencies": { "is-plain-obj": "^1.0.0" } }, "sha512-vzn8aSqKgytVik0iwdBEi+zevbTYZogewTUM6dtpmGwEcdzbub/TX4bCzRhebDCRC3QzXgJsLRKB2V/Oof7HXg=="],

    "sort-keys-length": ["sort-keys-length@1.0.1", "", { "dependencies": { "sort-keys": "^1.0.0" } }, "sha512-GRbEOUqCxemTAk/b32F2xa8wDTs+Z1QHOkbhJDQTvv/6G3ZkbJ+frYWsTcc7cBB3Fu4wy4XlLCuNtJuMn7Gsvw=="],

    "source-map": ["source-map@0.7.4", "", {}, "sha512-l3BikUxvPOcn5E74dZiq5BGsTb5yEwhaTSzccU6t4sDOH8NWJCstKO5QT2CvtFoK6F0saL7p9xHAqHOlCPJygA=="],

    "split2": ["split2@4.2.0", "", {}, "sha512-UcjcJOWknrNkF6PLX83qcHM6KHgVKNkV62Y8a5uYDVv9ydGQVwAHMKqHdJje1VTWpljG0WYpCDhrCdAOYH4TWg=="],

    "streamx": ["streamx@2.22.1", "", { "dependencies": { "fast-fifo": "^1.3.2", "text-decoder": "^1.1.0" }, "optionalDependencies": { "bare-events": "^2.2.0" } }, "sha512-znKXEBxfatz2GBNK02kRnCXjV+AA4kjZIUxeWSr3UGirZMJfTE9uiwKHobnbgxWyL/JWro8tTq+vOqAK1/qbSA=="],

    "strip-dirs": ["strip-dirs@3.0.0", "", { "dependencies": { "inspect-with-kind": "^1.0.5", "is-plain-obj": "^1.1.0" } }, "sha512-I0sdgcFTfKQlUPZyAqPJmSG3HLO9rWDFnxonnIbskYNM3DwFOeTNB5KzVq3dA1GdRAc/25b5Y7UO2TQfKWw4aQ=="],

    "strip-final-newline": ["strip-final-newline@2.0.0", "", {}, "sha512-BrpvfNAE3dcvq7ll3xVumzjKjZQ5tI1sEUIKr3Uoks0XUl45St3FlatVqef9prk4jRDzhW6WZg+3bk93y6pLjA=="],

    "strtok3": ["strtok3@9.1.1", "", { "dependencies": { "@tokenizer/token": "^0.3.0", "peek-readable": "^5.3.1" } }, "sha512-FhwotcEqjr241ZbjFzjlIYg6c5/L/s4yBGWSMvJ9UoExiSqL+FnFA/CaeZx17WGaZMS/4SOZp8wH18jSS4R4lw=="],

    "tar-stream": ["tar-stream@3.1.7", "", { "dependencies": { "b4a": "^1.6.4", "fast-fifo": "^1.2.0", "streamx": "^2.15.0" } }, "sha512-qJj60CXt7IU1Ffyc3NJMjh6EkuCFej46zUqJ4J7pqYlThyd9bO0XBTmcOIhSzZJVWfsLks0+nle/j538YAW9RQ=="],

    "text-decoder": ["text-decoder@1.2.3", "", { "dependencies": { "b4a": "^1.6.4" } }, "sha512-3/o9z3X0X0fTupwsYvR03pJ/DjWuqqrfwBgTQzdWDiQSm9KitAyz/9WqsT2JQW7KV2m+bC2ol/zqpW37NHxLaA=="],

    "thread-stream": ["thread-stream@3.1.0", "", { "dependencies": { "real-require": "^0.2.0" } }, "sha512-OqyPZ9u96VohAyMfJykzmivOrY2wfMSf3C5TtFJVgN+Hm6aj+voFhlK+kZEIv2FBh1X6Xp3DlnCOfEQ3B2J86A=="],

    "through": ["through@2.3.8", "", {}, "sha512-w89qg7PI8wAdvX60bMDP+bFoD5Dvhm9oLheFp5O4a2QF0cSBGsBX4qZmadPMvVqlLJBBci+WqGGOAPvcDeNSVg=="],

    "to-regex-range": ["to-regex-range@5.0.1", "", { "dependencies": { "is-number": "^7.0.0" } }, "sha512-65P7iz6X5yEr1cwcgvQxbbIw7Uk3gOy5dIdtZ4rDveLqhrdJP+Li/Hx6tyK0NEb+2GCyneCMJiGqrADCSNk8sQ=="],

    "toad-cache": ["toad-cache@3.7.0", "", {}, "sha512-/m8M+2BJUpoJdgAHoG+baCwBT+tf2VraSfkBgl0Y00qIWt41DJ8R5B8nsEw0I58YwF5IZH6z24/2TobDKnqSWw=="],

    "token-types": ["token-types@6.0.3", "", { "dependencies": { "@tokenizer/token": "^0.3.0", "ieee754": "^1.2.1" } }, "sha512-IKJ6EzuPPWtKtEIEPpIdXv9j5j2LGJEYk0CKY2efgKoYKLBiZdh6iQkLVBow/CB3phyWAWCyk+bZeaimJn6uRQ=="],

    "typescript": ["typescript@5.8.3", "", { "bin": { "tsc": "bin/tsc", "tsserver": "bin/tsserver" } }, "sha512-p1diW6TqL9L07nNxvRMM7hMMw4c5XOo/1ibL4aAIGmSAt9slTE1Xgw5KWuof2uTOvCg9BY7ZRi+GaF+7sfgPeQ=="],

    "uint8array-extras": ["uint8array-extras@1.4.0", "", {}, "sha512-ZPtzy0hu4cZjv3z5NW9gfKnNLjoz4y6uv4HlelAjDK7sY/xOkKZv9xK/WQpcsBB3jEybChz9DPC2U/+cusjJVQ=="],

    "unbzip2-stream": ["unbzip2-stream@1.4.3", "", { "dependencies": { "buffer": "^5.2.1", "through": "^2.3.8" } }, "sha512-mlExGW4w71ebDJviH16lQLtZS32VKqsSfk80GCfUlwT/4/hNRFsoscrF/c++9xinkMzECL1uL9DDwXqFWkruPg=="],

    "undici-types": ["undici-types@7.8.0", "", {}, "sha512-9UJ2xGDvQ43tYyVMpuHlsgApydB8ZKfVYTsLDhXkFL/6gfkp+U8xTGdh8pMJv1SpZna0zxG1DwsKZsreLbXBxw=="],

    "which": ["which@2.0.2", "", { "dependencies": { "isexe": "^2.0.0" }, "bin": { "node-which": "./bin/node-which" } }, "sha512-BLI3Tl1TW3Pvl70l3yq3Y64i+awpwXqsGBYWkkqMtnbXgrMD+yj7rhW0kuEDxzJaYXGjEW5ogapKNMEKNMjibA=="],

    "yauzl": ["yauzl@3.2.0", "", { "dependencies": { "buffer-crc32": "~0.2.3", "pend": "~1.2.0" } }, "sha512-Ow9nuGZE+qp1u4JIPvg+uCiUr7xGQWdff7JQSk5VGYTAZMDe2q8lxJ10ygv10qmSj031Ty/6FNJpLO4o1Sgc+w=="],

    "decompress-response/mimic-response": ["mimic-response@3.1.0", "", {}, "sha512-z0yWI+4FDrrweS8Zmt4Ej5HdJmky15+L2e6Wgn3+iK5fWzb6T3fhNFq2+MeTRb064c6Wr4N/wv0DzQTjNzHNGQ=="],

    "file-type/get-stream": ["get-stream@9.0.1", "", { "dependencies": { "@sec-ant/readable-stream": "^0.4.1", "is-stream": "^4.0.1" } }, "sha512-kVCxPF3vQM/N0B1PmoqVUqgHP+EeVjmZSQn+1oCRPxd2P21P2F19lIgbR3HBosbB1PUhOAoctJnfEn2GbN2eZA=="],

    "light-my-request/process-warning": ["process-warning@4.0.1", "", {}, "sha512-3c2LzQ3rY9d0hc1emcsHhfT9Jwz0cChib/QN89oME2R451w5fy3f0afAhERFZAwrbDU43wk12d0ORBpDVME50Q=="],

    "seek-bzip/commander": ["commander@6.2.1", "", {}, "sha512-U7VdrJFnJgo4xjrHpTzu0yrHPGImdsmD95ZlgYSEajAn2JKzDhDTPG9kBTefmObL2w/ngeZnilk+OV9CG3d7UA=="],

    "file-type/get-stream/is-stream": ["is-stream@4.0.1", "", {}, "sha512-Dnz92NInDqYckGEUJv689RbRiTSEHCQ7wOVeALbkOz999YpqT46yMRIGtSNl2iCL1waAZSx40+h59NV/EwzV/A=="],
  }
}
